
Microsoft Visual Studio Solution File, Format Version 12.00
# Visual Studio Version 17
VisualStudioVersion = 17.14.37216.2 d17.14
MinimumVisualStudioVersion = 10.0.40219.1
Project("{FAE04EC0-301F-11D3-BF4B-00C04F79EFBC}") = "MauiAppHotel", "MauiAppHotel\MauiAppHotel.csproj", "{319B0EBB-6665-4679-AF03-408285A2B2B1}"
EndProject
Global
	GlobalSection(SolutionConfigurationPlatforms) = preSolution
		Debug|Any CPU = Debug|Any CPU
		Release|Any CPU = Release|Any CPU
	EndGlobalSection
	GlobalSection(ProjectConfigurationPlatforms) = postSolution
		{319B0EBB-6665-4679-AF03-408285A2B2B1}.Debug|Any CPU.ActiveCfg = Debug|Any CPU
		{319B0EBB-6665-4679-AF03-408285A2B2B1}.Debug|Any CPU.Build.0 = Debug|Any CPU
		{319B0EBB-6665-4679-AF03-408285A2B2B1}.Release|Any CPU.ActiveCfg = Release|Any CPU
		{319B0EBB-6665-4679-AF03-408285A2B2B1}.Release|Any CPU.Build.0 = Release|Any CPU
	EndGlobalSection
	GlobalSection(SolutionProperties) = preSolution
		HideSolutionNode = FALSE
	EndGlobalSection
	GlobalSection(ExtensibilityGlobals) = postSolution
		SolutionGuid = {CE0FB0A7-DFEB-4B04-8BE3-61137C3A9FF4}
	EndGlobalSection
EndGlobal
